
Microsoft Visual Studio Solution File, Format Version 12.00
# Visual Studio Version 16
VisualStudioVersion = 16.0.32901.82
MinimumVisualStudioVersion = 10.0.40219.1
Project("{FAE04EC0-301F-11D3-BF4B-00C04F79EFBC}") = "raderagit", "raderagit\raderagit.csproj", "{3CC3C7C1-D40D-434C-9B50-6D38E91D975B}"
EndProject
Global
	GlobalSection(SolutionConfigurationPlatforms) = preSolution
		Debug|Any CPU = Debug|Any CPU
		Release|Any CPU = Release|Any CPU
	EndGlobalSection
	GlobalSection(ProjectConfigurationPlatforms) = postSolution
		{3CC3C7C1-D40D-434C-9B50-6D38E91D975B}.Debug|Any CPU.ActiveCfg = Debug|Any CPU
		{3CC3C7C1-D40D-434C-9B50-6D38E91D975B}.Debug|Any CPU.Build.0 = Debug|Any CPU
		{3CC3C7C1-D40D-434C-9B50-6D38E91D975B}.Release|Any CPU.ActiveCfg = Release|Any CPU
		{3CC3C7C1-D40D-434C-9B50-6D38E91D975B}.Release|Any CPU.Build.0 = Release|Any CPU
	EndGlobalSection
	GlobalSection(SolutionProperties) = preSolution
		HideSolutionNode = FALSE
	EndGlobalSection
	GlobalSection(ExtensibilityGlobals) = postSolution
		SolutionGuid = {453D1618-9008-48F5-A47B-8D45B3BF95EC}
	EndGlobalSection
EndGlobal
